
Microsoft Visual Studio Solution File, Format Version 12.00
# Visual Studio Version 17
VisualStudioVersion = 17.2.32408.312
MinimumVisualStudioVersion = 10.0.40219.1
Project("{FAE04EC0-301F-11D3-BF4B-00C04F79EFBC}") = "WebApplication2", "WebApplication2.csproj", "{263F9985-C857-4684-8EEE-1488885CC682}"
EndProject
Global
	GlobalSection(SolutionConfigurationPlatforms) = preSolution
		Debug|Any CPU = Debug|Any CPU
		Release|Any CPU = Release|Any CPU
	EndGlobalSection
	GlobalSection(ProjectConfigurationPlatforms) = postSolution
		{263F9985-C857-4684-8EEE-1488885CC682}.Debug|Any CPU.ActiveCfg = Debug|Any CPU
		{263F9985-C857-4684-8EEE-1488885CC682}.Debug|Any CPU.Build.0 = Debug|Any CPU
		{263F9985-C857-4684-8EEE-1488885CC682}.Release|Any CPU.ActiveCfg = Release|Any CPU
		{263F9985-C857-4684-8EEE-1488885CC682}.Release|Any CPU.Build.0 = Release|Any CPU
	EndGlobalSection
	GlobalSection(SolutionProperties) = preSolution
		HideSolutionNode = FALSE
	EndGlobalSection
	GlobalSection(ExtensibilityGlobals) = postSolution
		SolutionGuid = {B84D2EA2-569A-4987-811F-8204E78F1814}
	EndGlobalSection
EndGlobal
